
Microsoft Visual Studio Solution File, Format Version 12.00
# Visual Studio Version 17
VisualStudioVersion = 17.14.36511.14
MinimumVisualStudioVersion = 10.0.40219.1
Project("{FAE04EC0-301F-11D3-BF4B-00C04F79EFBC}") = "D07veelvoudvan9", "D07veelvoudvan9\D07veelvoudvan9.csproj", "{5EFFD642-D599-B52A-9030-E60B8E6B0308}"
EndProject
Project("{FAE04EC0-301F-11D3-BF4B-00C04F79EFBC}") = "D07cirkel", "D07cirkel\D07cirkel.csproj", "{3429FDE2-5A91-43EC-8CC8-2E8A44E12EC3}"
EndProject
Project("{FAE04EC0-301F-11D3-BF4B-00C04F79EFBC}") = "D07dotdotdot", "D07dotdotdot\D07dotdotdot.csproj", "{46FC3BBE-2BD1-49F3-8878-74453F62AA54}"
EndProject
Project("{FAE04EC0-301F-11D3-BF4B-00C04F79EFBC}") = "D07karakterpositie", "D07karakterpositie\D07karakterpositie.csproj", "{297ED868-8CDE-4E11-B107-01E425806B1D}"
EndProject
Project("{FAE04EC0-301F-11D3-BF4B-00C04F79EFBC}") = "D07achterstevoren", "D07achterstevoren\D07achterstevoren.csproj", "{3E9B01E4-B36B-4560-9A11-1250AD07DCB6}"
EndProject
Project("{FAE04EC0-301F-11D3-BF4B-00C04F79EFBC}") = "D07leestekens", "D07leestekens\D07leestekens.csproj", "{F60BD122-1BC3-4EBA-9EC6-388602B76E8C}"
EndProject
Project("{FAE04EC0-301F-11D3-BF4B-00C04F79EFBC}") = "D07hoofdletter", "D07hoofdletter\D07hoofdletter.csproj", "{F9D0D385-0D50-4B90-A373-774108278426}"
EndProject
Project("{FAE04EC0-301F-11D3-BF4B-00C04F79EFBC}") = "D07aantalkeere", "D07aantalkeere\D07aantalkeere.csproj", "{D0090111-66CA-4A21-8097-7C05A5FA4FB9}"
EndProject
Global
	GlobalSection(SolutionConfigurationPlatforms) = preSolution
		Debug|Any CPU = Debug|Any CPU
		Release|Any CPU = Release|Any CPU
	EndGlobalSection
	GlobalSection(ProjectConfigurationPlatforms) = postSolution
		{5EFFD642-D599-B52A-9030-E60B8E6B0308}.Debug|Any CPU.ActiveCfg = Debug|Any CPU
		{5EFFD642-D599-B52A-9030-E60B8E6B0308}.Debug|Any CPU.Build.0 = Debug|Any CPU
		{5EFFD642-D599-B52A-9030-E60B8E6B0308}.Release|Any CPU.ActiveCfg = Release|Any CPU
		{5EFFD642-D599-B52A-9030-E60B8E6B0308}.Release|Any CPU.Build.0 = Release|Any CPU
		{3429FDE2-5A91-43EC-8CC8-2E8A44E12EC3}.Debug|Any CPU.ActiveCfg = Debug|Any CPU
		{3429FDE2-5A91-43EC-8CC8-2E8A44E12EC3}.Debug|Any CPU.Build.0 = Debug|Any CPU
		{3429FDE2-5A91-43EC-8CC8-2E8A44E12EC3}.Release|Any CPU.ActiveCfg = Release|Any CPU
		{3429FDE2-5A91-43EC-8CC8-2E8A44E12EC3}.Release|Any CPU.Build.0 = Release|Any CPU
		{46FC3BBE-2BD1-49F3-8878-74453F62AA54}.Debug|Any CPU.ActiveCfg = Debug|Any CPU
		{46FC3BBE-2BD1-49F3-8878-74453F62AA54}.Debug|Any CPU.Build.0 = Debug|Any CPU
		{46FC3BBE-2BD1-49F3-8878-74453F62AA54}.Release|Any CPU.ActiveCfg = Release|Any CPU
		{46FC3BBE-2BD1-49F3-8878-74453F62AA54}.Release|Any CPU.Build.0 = Release|Any CPU
		{297ED868-8CDE-4E11-B107-01E425806B1D}.Debug|Any CPU.ActiveCfg = Debug|Any CPU
		{297ED868-8CDE-4E11-B107-01E425806B1D}.Debug|Any CPU.Build.0 = Debug|Any CPU
		{297ED868-8CDE-4E11-B107-01E425806B1D}.Release|Any CPU.ActiveCfg = Release|Any CPU
		{297ED868-8CDE-4E11-B107-01E425806B1D}.Release|Any CPU.Build.0 = Release|Any CPU
		{3E9B01E4-B36B-4560-9A11-1250AD07DCB6}.Debug|Any CPU.ActiveCfg = Debug|Any CPU
		{3E9B01E4-B36B-4560-9A11-1250AD07DCB6}.Debug|Any CPU.Build.0 = Debug|Any CPU
		{3E9B01E4-B36B-4560-9A11-1250AD07DCB6}.Release|Any CPU.ActiveCfg = Release|Any CPU
		{3E9B01E4-B36B-4560-9A11-1250AD07DCB6}.Release|Any CPU.Build.0 = Release|Any CPU
		{F60BD122-1BC3-4EBA-9EC6-388602B76E8C}.Debug|Any CPU.ActiveCfg = Debug|Any CPU
		{F60BD122-1BC3-4EBA-9EC6-388602B76E8C}.Debug|Any CPU.Build.0 = Debug|Any CPU
		{F60BD122-1BC3-4EBA-9EC6-388602B76E8C}.Release|Any CPU.ActiveCfg = Release|Any CPU
		{F60BD122-1BC3-4EBA-9EC6-388602B76E8C}.Release|Any CPU.Build.0 = Release|Any CPU
		{F9D0D385-0D50-4B90-A373-774108278426}.Debug|Any CPU.ActiveCfg = Debug|Any CPU
		{F9D0D385-0D50-4B90-A373-774108278426}.Debug|Any CPU.Build.0 = Debug|Any CPU
		{F9D0D385-0D50-4B90-A373-774108278426}.Release|Any CPU.ActiveCfg = Release|Any CPU
		{F9D0D385-0D50-4B90-A373-774108278426}.Release|Any CPU.Build.0 = Release|Any CPU
		{D0090111-66CA-4A21-8097-7C05A5FA4FB9}.Debug|Any CPU.ActiveCfg = Debug|Any CPU
		{D0090111-66CA-4A21-8097-7C05A5FA4FB9}.Debug|Any CPU.Build.0 = Debug|Any CPU
		{D0090111-66CA-4A21-8097-7C05A5FA4FB9}.Release|Any CPU.ActiveCfg = Release|Any CPU
		{D0090111-66CA-4A21-8097-7C05A5FA4FB9}.Release|Any CPU.Build.0 = Release|Any CPU
	EndGlobalSection
	GlobalSection(SolutionProperties) = preSolution
		HideSolutionNode = FALSE
	EndGlobalSection
	GlobalSection(ExtensibilityGlobals) = postSolution
		SolutionGuid = {215788B0-9652-48A5-81CD-BCEF01642F6E}
	EndGlobalSection
EndGlobal
