
Microsoft Visual Studio Solution File, Format Version 12.00
# Visual Studio Version 17
VisualStudioVersion = 17.14.36511.14
MinimumVisualStudioVersion = 10.0.40219.1
Project("{FAE04EC0-301F-11D3-BF4B-00C04F79EFBC}") = "D05twintigtottien", "D05twintigtottien\D05twintigtottien.csproj", "{AE884040-A911-472A-B0D9-D22AC3B85DB8}"
EndProject
Project("{FAE04EC0-301F-11D3-BF4B-00C04F79EFBC}") = "D05tafelsvan7", "D05tafelsvan7\D05tafelsvan7.csproj", "{40974E61-7573-45E8-9270-B1B1C51D3E2A}"
EndProject
Project("{FAE04EC0-301F-11D3-BF4B-00C04F79EFBC}") = "D05hiephieperhiepst", "D05hiephieperhiepst\D05hiephieperhiepst.csproj", "{AE47E4AD-8CFF-44E1-AA6F-AEF06A9C1DB1}"
EndProject
Project("{FAE04EC0-301F-11D3-BF4B-00C04F79EFBC}") = "D05getalraden", "D05getalraden\D05getalraden.csproj", "{A7D17196-CA28-4E8B-B3DE-ACCD84FDAE27}"
EndProject
Project("{FAE04EC0-301F-11D3-BF4B-00C04F79EFBC}") = "D05som", "D05som\D05som.csproj", "{AE3765A6-B6DC-4391-AD21-F6D056BFF44C}"
EndProject
Project("{FAE04EC0-301F-11D3-BF4B-00C04F79EFBC}") = "D05grootstegetal", "D05grootstegetral\D05grootstegetal.csproj", "{FFCF4190-DAA2-443A-8B9F-1B9F5EC3F673}"
EndProject
Project("{FAE04EC0-301F-11D3-BF4B-00C04F79EFBC}") = "D05rechthoek", "D05rechthoek\D05rechthoek.csproj", "{B66D20D6-F17F-427A-93CA-5B7FFBB6B1C5}"
EndProject
Project("{FAE04EC0-301F-11D3-BF4B-00C04F79EFBC}") = "D05driehoek", "D05driehoek\D05driehoek.csproj", "{6190E4A0-1C92-43FB-A1BA-40F0132F5EA6}"
EndProject
Project("{FAE04EC0-301F-11D3-BF4B-00C04F79EFBC}") = "D05double", "D05double\D05double.csproj", "{8D222B2D-88C5-40A1-8964-2F4B1DBE9F4A}"
EndProject
Global
	GlobalSection(SolutionConfigurationPlatforms) = preSolution
		Debug|Any CPU = Debug|Any CPU
		Release|Any CPU = Release|Any CPU
	EndGlobalSection
	GlobalSection(ProjectConfigurationPlatforms) = postSolution
		{AE884040-A911-472A-B0D9-D22AC3B85DB8}.Debug|Any CPU.ActiveCfg = Debug|Any CPU
		{AE884040-A911-472A-B0D9-D22AC3B85DB8}.Debug|Any CPU.Build.0 = Debug|Any CPU
		{AE884040-A911-472A-B0D9-D22AC3B85DB8}.Release|Any CPU.ActiveCfg = Release|Any CPU
		{AE884040-A911-472A-B0D9-D22AC3B85DB8}.Release|Any CPU.Build.0 = Release|Any CPU
		{40974E61-7573-45E8-9270-B1B1C51D3E2A}.Debug|Any CPU.ActiveCfg = Debug|Any CPU
		{40974E61-7573-45E8-9270-B1B1C51D3E2A}.Debug|Any CPU.Build.0 = Debug|Any CPU
		{40974E61-7573-45E8-9270-B1B1C51D3E2A}.Release|Any CPU.ActiveCfg = Release|Any CPU
		{40974E61-7573-45E8-9270-B1B1C51D3E2A}.Release|Any CPU.Build.0 = Release|Any CPU
		{AE47E4AD-8CFF-44E1-AA6F-AEF06A9C1DB1}.Debug|Any CPU.ActiveCfg = Debug|Any CPU
		{AE47E4AD-8CFF-44E1-AA6F-AEF06A9C1DB1}.Debug|Any CPU.Build.0 = Debug|Any CPU
		{AE47E4AD-8CFF-44E1-AA6F-AEF06A9C1DB1}.Release|Any CPU.ActiveCfg = Release|Any CPU
		{AE47E4AD-8CFF-44E1-AA6F-AEF06A9C1DB1}.Release|Any CPU.Build.0 = Release|Any CPU
		{A7D17196-CA28-4E8B-B3DE-ACCD84FDAE27}.Debug|Any CPU.ActiveCfg = Debug|Any CPU
		{A7D17196-CA28-4E8B-B3DE-ACCD84FDAE27}.Debug|Any CPU.Build.0 = Debug|Any CPU
		{A7D17196-CA28-4E8B-B3DE-ACCD84FDAE27}.Release|Any CPU.ActiveCfg = Release|Any CPU
		{A7D17196-CA28-4E8B-B3DE-ACCD84FDAE27}.Release|Any CPU.Build.0 = Release|Any CPU
		{AE3765A6-B6DC-4391-AD21-F6D056BFF44C}.Debug|Any CPU.ActiveCfg = Debug|Any CPU
		{AE3765A6-B6DC-4391-AD21-F6D056BFF44C}.Debug|Any CPU.Build.0 = Debug|Any CPU
		{AE3765A6-B6DC-4391-AD21-F6D056BFF44C}.Release|Any CPU.ActiveCfg = Release|Any CPU
		{AE3765A6-B6DC-4391-AD21-F6D056BFF44C}.Release|Any CPU.Build.0 = Release|Any CPU
		{FFCF4190-DAA2-443A-8B9F-1B9F5EC3F673}.Debug|Any CPU.ActiveCfg = Debug|Any CPU
		{FFCF4190-DAA2-443A-8B9F-1B9F5EC3F673}.Debug|Any CPU.Build.0 = Debug|Any CPU
		{FFCF4190-DAA2-443A-8B9F-1B9F5EC3F673}.Release|Any CPU.ActiveCfg = Release|Any CPU
		{FFCF4190-DAA2-443A-8B9F-1B9F5EC3F673}.Release|Any CPU.Build.0 = Release|Any CPU
		{B66D20D6-F17F-427A-93CA-5B7FFBB6B1C5}.Debug|Any CPU.ActiveCfg = Debug|Any CPU
		{B66D20D6-F17F-427A-93CA-5B7FFBB6B1C5}.Debug|Any CPU.Build.0 = Debug|Any CPU
		{B66D20D6-F17F-427A-93CA-5B7FFBB6B1C5}.Release|Any CPU.ActiveCfg = Release|Any CPU
		{B66D20D6-F17F-427A-93CA-5B7FFBB6B1C5}.Release|Any CPU.Build.0 = Release|Any CPU
		{6190E4A0-1C92-43FB-A1BA-40F0132F5EA6}.Debug|Any CPU.ActiveCfg = Debug|Any CPU
		{6190E4A0-1C92-43FB-A1BA-40F0132F5EA6}.Debug|Any CPU.Build.0 = Debug|Any CPU
		{6190E4A0-1C92-43FB-A1BA-40F0132F5EA6}.Release|Any CPU.ActiveCfg = Release|Any CPU
		{6190E4A0-1C92-43FB-A1BA-40F0132F5EA6}.Release|Any CPU.Build.0 = Release|Any CPU
		{8D222B2D-88C5-40A1-8964-2F4B1DBE9F4A}.Debug|Any CPU.ActiveCfg = Debug|Any CPU
		{8D222B2D-88C5-40A1-8964-2F4B1DBE9F4A}.Debug|Any CPU.Build.0 = Debug|Any CPU
		{8D222B2D-88C5-40A1-8964-2F4B1DBE9F4A}.Release|Any CPU.ActiveCfg = Release|Any CPU
		{8D222B2D-88C5-40A1-8964-2F4B1DBE9F4A}.Release|Any CPU.Build.0 = Release|Any CPU
	EndGlobalSection
	GlobalSection(SolutionProperties) = preSolution
		HideSolutionNode = FALSE
	EndGlobalSection
	GlobalSection(ExtensibilityGlobals) = postSolution
		SolutionGuid = {D1CFF874-B249-4CBB-9573-F128C67BDBC5}
	EndGlobalSection
EndGlobal
