
Microsoft Visual Studio Solution File, Format Version 12.00
# Visual Studio Version 17
VisualStudioVersion = 17.14.36511.14 d17.14
MinimumVisualStudioVersion = 10.0.40219.1
Project("{FAE04EC0-301F-11D3-BF4B-00C04F79EFBC}") = "D09boerderij", "D09boerderij\D09boerderij.csproj", "{7BA2361F-CA70-4654-B6BE-7DA14D7C953E}"
EndProject
Project("{FAE04EC0-301F-11D3-BF4B-00C04F79EFBC}") = "D09herkansing", "D09herkansing\D09herkansing.csproj", "{DEDE50C1-5EC4-4B9F-9F98-B6B5E44F4EEB}"
EndProject
Project("{FAE04EC0-301F-11D3-BF4B-00C04F79EFBC}") = "D09toonscore", "D09toonscore\D09toonscore.csproj", "{8ACBF3BC-3F88-4920-A9A5-203ADE8030F5}"
EndProject
Project("{FAE04EC0-301F-11D3-BF4B-00C04F79EFBC}") = "D09morse", "D09morse\D09morse.csproj", "{AD3CD1C9-7BB2-4E64-9D12-F9D2C1A981FC}"
EndProject
Project("{FAE04EC0-301F-11D3-BF4B-00C04F79EFBC}") = "D09dagnrnaarmaand", "D09dagnrnaarmaand\D09dagnrnaarmaand.csproj", "{1A92D721-5125-4D37-BEBF-D5C9555AD550}"
EndProject
Project("{FAE04EC0-301F-11D3-BF4B-00C04F79EFBC}") = "D09temperatuur", "D09temperatuur\D09temperatuur.csproj", "{274EC931-51EE-4150-AC17-977E8FB1526F}"
EndProject
Project("{FAE04EC0-301F-11D3-BF4B-00C04F79EFBC}") = "D09speelkaarten", "D09speelkaarten\D09speelkaarten.csproj", "{91758B9E-2B7B-4342-81B1-5563E7585E00}"
EndProject
Project("{FAE04EC0-301F-11D3-BF4B-00C04F79EFBC}") = "D09aantalkarakters", "D09aantalkarakters\D09aantalkarakters.csproj", "{ADE6D17D-3B7B-4C85-B18F-228269BABC55}"
EndProject
Project("{FAE04EC0-301F-11D3-BF4B-00C04F79EFBC}") = "D09getalfrequentie", "D09getalfrequentie\D09getalfrequentie.csproj", "{547296AC-2266-4A3C-990E-F306DB8A8514}"
EndProject
Global
	GlobalSection(SolutionConfigurationPlatforms) = preSolution
		Debug|Any CPU = Debug|Any CPU
		Release|Any CPU = Release|Any CPU
	EndGlobalSection
	GlobalSection(ProjectConfigurationPlatforms) = postSolution
		{7BA2361F-CA70-4654-B6BE-7DA14D7C953E}.Debug|Any CPU.ActiveCfg = Debug|Any CPU
		{7BA2361F-CA70-4654-B6BE-7DA14D7C953E}.Debug|Any CPU.Build.0 = Debug|Any CPU
		{7BA2361F-CA70-4654-B6BE-7DA14D7C953E}.Release|Any CPU.ActiveCfg = Release|Any CPU
		{7BA2361F-CA70-4654-B6BE-7DA14D7C953E}.Release|Any CPU.Build.0 = Release|Any CPU
		{DEDE50C1-5EC4-4B9F-9F98-B6B5E44F4EEB}.Debug|Any CPU.ActiveCfg = Debug|Any CPU
		{DEDE50C1-5EC4-4B9F-9F98-B6B5E44F4EEB}.Debug|Any CPU.Build.0 = Debug|Any CPU
		{DEDE50C1-5EC4-4B9F-9F98-B6B5E44F4EEB}.Release|Any CPU.ActiveCfg = Release|Any CPU
		{DEDE50C1-5EC4-4B9F-9F98-B6B5E44F4EEB}.Release|Any CPU.Build.0 = Release|Any CPU
		{8ACBF3BC-3F88-4920-A9A5-203ADE8030F5}.Debug|Any CPU.ActiveCfg = Debug|Any CPU
		{8ACBF3BC-3F88-4920-A9A5-203ADE8030F5}.Debug|Any CPU.Build.0 = Debug|Any CPU
		{8ACBF3BC-3F88-4920-A9A5-203ADE8030F5}.Release|Any CPU.ActiveCfg = Release|Any CPU
		{8ACBF3BC-3F88-4920-A9A5-203ADE8030F5}.Release|Any CPU.Build.0 = Release|Any CPU
		{AD3CD1C9-7BB2-4E64-9D12-F9D2C1A981FC}.Debug|Any CPU.ActiveCfg = Debug|Any CPU
		{AD3CD1C9-7BB2-4E64-9D12-F9D2C1A981FC}.Debug|Any CPU.Build.0 = Debug|Any CPU
		{AD3CD1C9-7BB2-4E64-9D12-F9D2C1A981FC}.Release|Any CPU.ActiveCfg = Release|Any CPU
		{AD3CD1C9-7BB2-4E64-9D12-F9D2C1A981FC}.Release|Any CPU.Build.0 = Release|Any CPU
		{1A92D721-5125-4D37-BEBF-D5C9555AD550}.Debug|Any CPU.ActiveCfg = Debug|Any CPU
		{1A92D721-5125-4D37-BEBF-D5C9555AD550}.Debug|Any CPU.Build.0 = Debug|Any CPU
		{1A92D721-5125-4D37-BEBF-D5C9555AD550}.Release|Any CPU.ActiveCfg = Release|Any CPU
		{1A92D721-5125-4D37-BEBF-D5C9555AD550}.Release|Any CPU.Build.0 = Release|Any CPU
		{274EC931-51EE-4150-AC17-977E8FB1526F}.Debug|Any CPU.ActiveCfg = Debug|Any CPU
		{274EC931-51EE-4150-AC17-977E8FB1526F}.Debug|Any CPU.Build.0 = Debug|Any CPU
		{274EC931-51EE-4150-AC17-977E8FB1526F}.Release|Any CPU.ActiveCfg = Release|Any CPU
		{274EC931-51EE-4150-AC17-977E8FB1526F}.Release|Any CPU.Build.0 = Release|Any CPU
		{91758B9E-2B7B-4342-81B1-5563E7585E00}.Debug|Any CPU.ActiveCfg = Debug|Any CPU
		{91758B9E-2B7B-4342-81B1-5563E7585E00}.Debug|Any CPU.Build.0 = Debug|Any CPU
		{91758B9E-2B7B-4342-81B1-5563E7585E00}.Release|Any CPU.ActiveCfg = Release|Any CPU
		{91758B9E-2B7B-4342-81B1-5563E7585E00}.Release|Any CPU.Build.0 = Release|Any CPU
		{ADE6D17D-3B7B-4C85-B18F-228269BABC55}.Debug|Any CPU.ActiveCfg = Debug|Any CPU
		{ADE6D17D-3B7B-4C85-B18F-228269BABC55}.Debug|Any CPU.Build.0 = Debug|Any CPU
		{ADE6D17D-3B7B-4C85-B18F-228269BABC55}.Release|Any CPU.ActiveCfg = Release|Any CPU
		{ADE6D17D-3B7B-4C85-B18F-228269BABC55}.Release|Any CPU.Build.0 = Release|Any CPU
		{547296AC-2266-4A3C-990E-F306DB8A8514}.Debug|Any CPU.ActiveCfg = Debug|Any CPU
		{547296AC-2266-4A3C-990E-F306DB8A8514}.Debug|Any CPU.Build.0 = Debug|Any CPU
		{547296AC-2266-4A3C-990E-F306DB8A8514}.Release|Any CPU.ActiveCfg = Release|Any CPU
		{547296AC-2266-4A3C-990E-F306DB8A8514}.Release|Any CPU.Build.0 = Release|Any CPU
	EndGlobalSection
	GlobalSection(SolutionProperties) = preSolution
		HideSolutionNode = FALSE
	EndGlobalSection
	GlobalSection(ExtensibilityGlobals) = postSolution
		SolutionGuid = {C88D057B-FF9C-4C7A-94AC-45A3A3F63380}
	EndGlobalSection
EndGlobal
