
Microsoft Visual Studio Solution File, Format Version 12.00
# Visual Studio Version 17
VisualStudioVersion = 17.14.36511.14 d17.14
MinimumVisualStudioVersion = 10.0.40219.1
Project("{FAE04EC0-301F-11D3-BF4B-00C04F79EFBC}") = "D05twister", "D05twister\D05twister.csproj", "{3ADD562F-F58D-464B-9676-C37EDCBE1251}"
EndProject
Project("{FAE04EC0-301F-11D3-BF4B-00C04F79EFBC}") = "D05simon", "D05simon\D05simon.csproj", "{809057D0-EF26-4614-8E81-DC3D52F1A84F}"
EndProject
Global
	GlobalSection(SolutionConfigurationPlatforms) = preSolution
		Debug|Any CPU = Debug|Any CPU
		Release|Any CPU = Release|Any CPU
	EndGlobalSection
	GlobalSection(ProjectConfigurationPlatforms) = postSolution
		{3ADD562F-F58D-464B-9676-C37EDCBE1251}.Debug|Any CPU.ActiveCfg = Debug|Any CPU
		{3ADD562F-F58D-464B-9676-C37EDCBE1251}.Debug|Any CPU.Build.0 = Debug|Any CPU
		{3ADD562F-F58D-464B-9676-C37EDCBE1251}.Release|Any CPU.ActiveCfg = Release|Any CPU
		{3ADD562F-F58D-464B-9676-C37EDCBE1251}.Release|Any CPU.Build.0 = Release|Any CPU
		{809057D0-EF26-4614-8E81-DC3D52F1A84F}.Debug|Any CPU.ActiveCfg = Debug|Any CPU
		{809057D0-EF26-4614-8E81-DC3D52F1A84F}.Debug|Any CPU.Build.0 = Debug|Any CPU
		{809057D0-EF26-4614-8E81-DC3D52F1A84F}.Release|Any CPU.ActiveCfg = Release|Any CPU
		{809057D0-EF26-4614-8E81-DC3D52F1A84F}.Release|Any CPU.Build.0 = Release|Any CPU
	EndGlobalSection
	GlobalSection(SolutionProperties) = preSolution
		HideSolutionNode = FALSE
	EndGlobalSection
	GlobalSection(ExtensibilityGlobals) = postSolution
		SolutionGuid = {3CEAE3BC-00EE-4F16-9DE3-15E35A0EB467}
	EndGlobalSection
EndGlobal
