
Microsoft Visual Studio Solution File, Format Version 12.00
# Visual Studio Version 17
VisualStudioVersion = 17.14.36511.14
MinimumVisualStudioVersion = 10.0.40219.1
Project("{FAE04EC0-301F-11D3-BF4B-00C04F79EFBC}") = "D06twister", "D06twister\D06twister.csproj", "{3ADD562F-F58D-464B-9676-C37EDCBE1251}"
EndProject
Project("{FAE04EC0-301F-11D3-BF4B-00C04F79EFBC}") = "D06simon", "D06simon\D06simon.csproj", "{809057D0-EF26-4614-8E81-DC3D52F1A84F}"
EndProject
Project("{FAE04EC0-301F-11D3-BF4B-00C04F79EFBC}") = "D06getallentussen20en30", "D06getallentussen20en30\D06getallentussen20en30.csproj", "{69439DB0-08F9-49A4-86AC-9334678B06F1}"
EndProject
Project("{FAE04EC0-301F-11D3-BF4B-00C04F79EFBC}") = "D06getallenuitrij", "D06getallenuitrij\D06getallenuitrij.csproj", "{6A3A5687-231E-4ECE-B2D4-6F95D7F8F50C}"
EndProject
Project("{FAE04EC0-301F-11D3-BF4B-00C04F79EFBC}") = "D06somtussengrenzen", "D06somtussengrenzen\D06somtussengrenzen.csproj", "{DEF56C8A-D067-4939-A8F9-D631FD0BD712}"
EndProject
Project("{FAE04EC0-301F-11D3-BF4B-00C04F79EFBC}") = "D06somevenoneven", "D06somevenoneven\D06somevenoneven.csproj", "{4247C212-74A5-4ABC-8981-48EFD76E36F1}"
EndProject
Project("{FAE04EC0-301F-11D3-BF4B-00C04F79EFBC}") = "D06veelvouden", "D06veelvouden\D06veelvouden.csproj", "{B0C96750-66FE-4551-A710-41E6E30D2297}"
EndProject
Global
	GlobalSection(SolutionConfigurationPlatforms) = preSolution
		Debug|Any CPU = Debug|Any CPU
		Release|Any CPU = Release|Any CPU
	EndGlobalSection
	GlobalSection(ProjectConfigurationPlatforms) = postSolution
		{3ADD562F-F58D-464B-9676-C37EDCBE1251}.Debug|Any CPU.ActiveCfg = Debug|Any CPU
		{3ADD562F-F58D-464B-9676-C37EDCBE1251}.Debug|Any CPU.Build.0 = Debug|Any CPU
		{3ADD562F-F58D-464B-9676-C37EDCBE1251}.Release|Any CPU.ActiveCfg = Release|Any CPU
		{3ADD562F-F58D-464B-9676-C37EDCBE1251}.Release|Any CPU.Build.0 = Release|Any CPU
		{809057D0-EF26-4614-8E81-DC3D52F1A84F}.Debug|Any CPU.ActiveCfg = Debug|Any CPU
		{809057D0-EF26-4614-8E81-DC3D52F1A84F}.Debug|Any CPU.Build.0 = Debug|Any CPU
		{809057D0-EF26-4614-8E81-DC3D52F1A84F}.Release|Any CPU.ActiveCfg = Release|Any CPU
		{809057D0-EF26-4614-8E81-DC3D52F1A84F}.Release|Any CPU.Build.0 = Release|Any CPU
		{69439DB0-08F9-49A4-86AC-9334678B06F1}.Debug|Any CPU.ActiveCfg = Debug|Any CPU
		{69439DB0-08F9-49A4-86AC-9334678B06F1}.Debug|Any CPU.Build.0 = Debug|Any CPU
		{69439DB0-08F9-49A4-86AC-9334678B06F1}.Release|Any CPU.ActiveCfg = Release|Any CPU
		{69439DB0-08F9-49A4-86AC-9334678B06F1}.Release|Any CPU.Build.0 = Release|Any CPU
		{6A3A5687-231E-4ECE-B2D4-6F95D7F8F50C}.Debug|Any CPU.ActiveCfg = Debug|Any CPU
		{6A3A5687-231E-4ECE-B2D4-6F95D7F8F50C}.Debug|Any CPU.Build.0 = Debug|Any CPU
		{6A3A5687-231E-4ECE-B2D4-6F95D7F8F50C}.Release|Any CPU.ActiveCfg = Release|Any CPU
		{6A3A5687-231E-4ECE-B2D4-6F95D7F8F50C}.Release|Any CPU.Build.0 = Release|Any CPU
		{DEF56C8A-D067-4939-A8F9-D631FD0BD712}.Debug|Any CPU.ActiveCfg = Debug|Any CPU
		{DEF56C8A-D067-4939-A8F9-D631FD0BD712}.Debug|Any CPU.Build.0 = Debug|Any CPU
		{DEF56C8A-D067-4939-A8F9-D631FD0BD712}.Release|Any CPU.ActiveCfg = Release|Any CPU
		{DEF56C8A-D067-4939-A8F9-D631FD0BD712}.Release|Any CPU.Build.0 = Release|Any CPU
		{4247C212-74A5-4ABC-8981-48EFD76E36F1}.Debug|Any CPU.ActiveCfg = Debug|Any CPU
		{4247C212-74A5-4ABC-8981-48EFD76E36F1}.Debug|Any CPU.Build.0 = Debug|Any CPU
		{4247C212-74A5-4ABC-8981-48EFD76E36F1}.Release|Any CPU.ActiveCfg = Release|Any CPU
		{4247C212-74A5-4ABC-8981-48EFD76E36F1}.Release|Any CPU.Build.0 = Release|Any CPU
		{B0C96750-66FE-4551-A710-41E6E30D2297}.Debug|Any CPU.ActiveCfg = Debug|Any CPU
		{B0C96750-66FE-4551-A710-41E6E30D2297}.Debug|Any CPU.Build.0 = Debug|Any CPU
		{B0C96750-66FE-4551-A710-41E6E30D2297}.Release|Any CPU.ActiveCfg = Release|Any CPU
		{B0C96750-66FE-4551-A710-41E6E30D2297}.Release|Any CPU.Build.0 = Release|Any CPU
	EndGlobalSection
	GlobalSection(SolutionProperties) = preSolution
		HideSolutionNode = FALSE
	EndGlobalSection
	GlobalSection(ExtensibilityGlobals) = postSolution
		SolutionGuid = {3CEAE3BC-00EE-4F16-9DE3-15E35A0EB467}
	EndGlobalSection
EndGlobal
